<?xml version="1.0" encoding="utf-8"?>
<Project ToolsVersion="4.0" xmlns="http://schemas.microsoft.com/developer/msbuild/2003">
  <ItemGroup>
    <Filter Include="Resource Files">
      <UniqueIdentifier>{67DA6AB6-F800-4c08-8B7A-83BB121AAD01}</UniqueIdentifier>
      <Extensions>rc;ico;cur;bmp;dlg;rc2;rct;bin;rgs;gif;jpg;jpeg;jpe;resx;tiff;tif;png;wav;mfcribbon-ms</Extensions>
    </Filter>
  </ItemGroup>
  <ItemGroup>
    <ClCompile Include="Scripts\main.cpp">
      <Filter>Resource Files</Filter>
    </ClCompile>
    <ClCompile Include="Scripts\stdafx.cpp" />
    <ClCompile Include="Scripts\BreadthFirst.cpp" />
    <ClCompile Include="Scripts\DepthFirst.cpp" />
    <ClCompile Include="Scripts\Astar.cpp" />
  </ItemGroup>
  <ItemGroup>
    <ClInclude Include="Scripts\stdafx.h">
      <Filter>Resource Files</Filter>
    </ClInclude>
    <ClInclude Include="Scripts\Sorting Algorithms\BubbleSort\BubbleSort.h" />
    <ClInclude Include="Scripts\Sorting Algorithms\InsertionSort\InsertionSort.h" />
    <ClInclude Include="Scripts\Sorting Algorithms\QuickSort\QuickSort.h" />
    <ClInclude Include="Scripts\Sorting Algorithms\MergeSort\MergeSort.h" />
    <ClInclude Include="Scripts\Sorting Algorithms\HeapSort\HeapSort.h" />
    <ClInclude Include="Scripts\BreadthFirst.h" />
    <ClInclude Include="Scripts\DepthFirst.h" />
    <ClInclude Include="Scripts\Astar.h" />
  </ItemGroup>
  <ItemGroup>
    <Text Include="Files\Nodes.txt" />
  </ItemGroup>
</Project>